version = 1
revision = 2
requires-python = ">=3.11"

[[package]]
name = "bdm2"
version = "0.1.0"
source = { virtual = "." }
dependencies = [
    { name = "bson" },
    { name = "faker" },
    { name = "pymongo" },
]

[package.metadata]
requires-dist = [
    { name = "bson", specifier = ">=0.5.10" },
    { name = "faker", specifier = ">=37.3.0" },
    { name = "pymongo", specifier = ">=4.13.0" },
]

[[package]]
name = "bson"
version = "0.5.10"
source = { registry = "https://pypi.org/simple" }
dependencies = [
    { name = "python-dateutil" },
    { name = "six" },
]
sdist = { url = "https://files.pythonhosted.org/packages/4d/53/7c534a38850f2252275d7f949aed2219095e90df1e2d180a9c8ed139e499/bson-0.5.10.tar.gz", hash = "sha256:d6511b2ab051139a9123c184de1a04227262173ad593429d21e443d6462d6590", size = 10363, upload_time = "2020-05-26T11:13:47.979Z" }

[[package]]
name = "dnspython"
version = "2.7.0"
source = { registry = "https://pypi.org/simple" }
sdist = { url = "https://files.pythonhosted.org/packages/b5/4a/263763cb2ba3816dd94b08ad3a33d5fdae34ecb856678773cc40a3605829/dnspython-2.7.0.tar.gz", hash = "sha256:ce9c432eda0dc91cf618a5cedf1a4e142651196bbcd2c80e89ed5a907e5cfaf1", size = 345197, upload_time = "2024-10-05T20:14:59.362Z" }
wheels = [
    { url = "https://files.pythonhosted.org/packages/68/1b/e0a87d256e40e8c888847551b20a017a6b98139178505dc7ffb96f04e954/dnspython-2.7.0-py3-none-any.whl", hash = "sha256:b4c34b7d10b51bcc3a5071e7b8dee77939f1e878477eeecc965e9835f63c6c86", size = 313632, upload_time = "2024-10-05T20:14:57.687Z" },
]

[[package]]
name = "faker"
version = "37.3.0"
source = { registry = "https://pypi.org/simple" }
dependencies = [
    { name = "tzdata" },
]
sdist = { url = "https://files.pythonhosted.org/packages/97/4b/5354912eaff922876323f2d07e21408b10867f3295d5f917748341cb6f53/faker-37.3.0.tar.gz", hash = "sha256:77b79e7a2228d57175133af0bbcdd26dc623df81db390ee52f5104d46c010f2f", size = 1901376, upload_time = "2025-05-14T15:24:18.039Z" }
wheels = [
    { url = "https://files.pythonhosted.org/packages/ce/99/045b2dae19a01b9fbb23b9971bc04f4ef808e7f3a213d08c81067304a210/faker-37.3.0-py3-none-any.whl", hash = "sha256:48c94daa16a432f2d2bc803c7ff602509699fca228d13e97e379cd860a7e216e", size = 1942203, upload_time = "2025-05-14T15:24:16.159Z" },
]

[[package]]
name = "pymongo"
version = "4.13.0"
source = { registry = "https://pypi.org/simple" }
dependencies = [
    { name = "dnspython" },
]
sdist = { url = "https://files.pythonhosted.org/packages/74/0c/1fb60383ab4b20566407b87f1a95b7f5cda83e8d5594da6fc84e2a543405/pymongo-4.13.0.tar.gz", hash = "sha256:92a06e3709e3c7e50820d352d3d4e60015406bcba69808937dac2a6d22226fde", size = 2166443, upload_time = "2025-05-14T19:11:08.649Z" }
wheels = [
    { url = "https://files.pythonhosted.org/packages/27/21/422381c97454a56021c50f776847c1db6082f84a0944dda3823ef76b4860/pymongo-4.13.0-cp311-cp311-macosx_10_9_x86_64.whl", hash = "sha256:46c8bce9af98556110a950939f3eaa3f7648308d60df65feb783c780f8b9bfa9", size = 856909, upload_time = "2025-05-14T19:09:37.257Z" },
    { url = "https://files.pythonhosted.org/packages/c3/e6/b34ab65ad524bc34dc3aa634d3dc411f65c495842ebb25b2d8593fc4bbed/pymongo-4.13.0-cp311-cp311-macosx_11_0_arm64.whl", hash = "sha256:dc9e412911f210d9b0eca42d25c22d3725809dda03dedbaf6f9ffa192d461905", size = 857202, upload_time = "2025-05-14T19:09:38.862Z" },
    { url = "https://files.pythonhosted.org/packages/ff/62/17d3f8ff1d2ff67d3ed2985fdf616520362cfe4ae3802df0e9601d5686c9/pymongo-4.13.0-cp311-cp311-manylinux_2_17_aarch64.manylinux2014_aarch64.whl", hash = "sha256:b9288188101506a9d1aa3f70f65b7f5f499f8f7d5c23ec86a47551d756e32059", size = 1426272, upload_time = "2025-05-14T19:09:41.103Z" },
    { url = "https://files.pythonhosted.org/packages/51/e2/22582d886d5a382fb605b3025047d75ec38f497cddefe86e29fca39c4363/pymongo-4.13.0-cp311-cp311-manylinux_2_17_ppc64le.manylinux2014_ppc64le.whl", hash = "sha256:5303e2074b85234e337ebe622d353ce38a35696cd47a7d970f84b545288aee01", size = 1477235, upload_time = "2025-05-14T19:09:43.099Z" },
    { url = "https://files.pythonhosted.org/packages/bd/e3/10bce21b8c0bf954c144638619099012a3e247c7d009df044f450fbaf340/pymongo-4.13.0-cp311-cp311-manylinux_2_17_s390x.manylinux2014_s390x.whl", hash = "sha256:d842e11eb94f7074314ff1d97a05790539a1d74c3048ce50ea9f0da1f4f96b0a", size = 1451677, upload_time = "2025-05-14T19:09:45.417Z" },
    { url = "https://files.pythonhosted.org/packages/30/10/4c54a4adf90a04e6147260e16f9cfeab11cb661d71ddd12a98449a279977/pymongo-4.13.0-cp311-cp311-manylinux_2_17_x86_64.manylinux2014_x86_64.whl", hash = "sha256:b63d9d8be87f4be11972c5a63d815974c298ada59a2e1d56ef5b6984d81c544a", size = 1430799, upload_time = "2025-05-14T19:09:47.516Z" },
    { url = "https://files.pythonhosted.org/packages/86/52/99620c5e106663a3679541b2316e0631b39cb49a6be14291597b28a8b428/pymongo-4.13.0-cp311-cp311-manylinux_2_5_i686.manylinux1_i686.manylinux_2_17_i686.manylinux2014_i686.whl", hash = "sha256:c7d740560710be0c514bc9d26f5dcbb3c85dbb6b450c4c3246d8136ca84055bd", size = 1399450, upload_time = "2025-05-14T19:09:49.095Z" },
    { url = "https://files.pythonhosted.org/packages/f1/23/73d0379e46f98eed5339b6d44527e366b553c39327c69ba543f7beafb237/pymongo-4.13.0-cp311-cp311-win32.whl", hash = "sha256:936f7be9ed6919e3be7369b858d1c58ebaa4f3ef231cf4860779b8ba3b4fcd11", size = 834134, upload_time = "2025-05-14T19:09:50.682Z" },
    { url = "https://files.pythonhosted.org/packages/45/bd/d6286b923e852dc080330182a8b57023555870d875b7523454ad1bdd1579/pymongo-4.13.0-cp311-cp311-win_amd64.whl", hash = "sha256:6a8f060f8ad139d1d45f75ef7aa0084bd7f714fc666f98ef00009efc7db34acd", size = 848068, upload_time = "2025-05-14T19:09:52.778Z" },
    { url = "https://files.pythonhosted.org/packages/42/5e/db6871892ec41860339e94e20fabce664b64c193636dc69b572503382f12/pymongo-4.13.0-cp312-cp312-macosx_10_13_x86_64.whl", hash = "sha256:007450b8c8d17b4e5b779ab6e1938983309eac26b5b8f0863c48effa4b151b07", size = 911769, upload_time = "2025-05-14T19:09:54.483Z" },
    { url = "https://files.pythonhosted.org/packages/86/8b/6960dc8baf2b6e1b809513160913e90234160c5df2dc1f2baf1cf1d25ac9/pymongo-4.13.0-cp312-cp312-macosx_11_0_arm64.whl", hash = "sha256:899a5ea9cd32b1b0880015fdceaa36a41140a8c2ce8621626c52f7023724aed6", size = 911464, upload_time = "2025-05-14T19:09:56.253Z" },
    { url = "https://files.pythonhosted.org/packages/41/fb/d682bf1c4cb656f47616796f707a1316862f71b3c1899cb6b6806803dff6/pymongo-4.13.0-cp312-cp312-manylinux_2_17_aarch64.manylinux2014_aarch64.whl", hash = "sha256:f0b26cd4e090161927b7a81741a3627a41b74265dfb41c6957bfb474504b4b42", size = 1690111, upload_time = "2025-05-14T19:09:58.331Z" },
    { url = "https://files.pythonhosted.org/packages/03/d4/0047767ee5b6c66e4b5b67a5d85de14da9910ee8f7d8159e7c1d5d627358/pymongo-4.13.0-cp312-cp312-manylinux_2_17_ppc64le.manylinux2014_ppc64le.whl", hash = "sha256:b54e19e0f6c8a7ad0c5074a8cbefb29c12267c784ceb9a1577a62bbc43150161", size = 1754348, upload_time = "2025-05-14T19:10:00.088Z" },
    { url = "https://files.pythonhosted.org/packages/7c/ea/e64f2501eaca552b0f303c2eb828c69963c8bf1a663111686a900502792d/pymongo-4.13.0-cp312-cp312-manylinux_2_17_s390x.manylinux2014_s390x.whl", hash = "sha256:6208b83e7d566935218c0837f3b74c7d2dda83804d5d843ce21a55f22255ab74", size = 1723390, upload_time = "2025-05-14T19:10:02.28Z" },
    { url = "https://files.pythonhosted.org/packages/d1/5c/fad80bc263281c8b819ce29ed1d88c2023c5576ecc608d15ca1628078e29/pymongo-4.13.0-cp312-cp312-manylinux_2_17_x86_64.manylinux2014_x86_64.whl", hash = "sha256:3f33b8c1405d05517dce06756f2800b37dd098216cae5903cd80ad4f0a9dad08", size = 1693367, upload_time = "2025-05-14T19:10:04.405Z" },
    { url = "https://files.pythonhosted.org/packages/c1/3d/4ff09614c996f8574d36008763b9fc01532ec7e954b5edde9254455b279b/pymongo-4.13.0-cp312-cp312-manylinux_2_5_i686.manylinux1_i686.manylinux_2_17_i686.manylinux2014_i686.whl", hash = "sha256:02f0e1af87280697a1a8304238b863d4eee98c8b97f554ee456c3041c0f3a021", size = 1652496, upload_time = "2025-05-14T19:10:06.528Z" },
    { url = "https://files.pythonhosted.org/packages/f2/2f/c4e54ac337e0ad3d91aae7de59849aaed28de6340112da2e2427f5e0c689/pymongo-4.13.0-cp312-cp312-win32.whl", hash = "sha256:5dea2f6b44697eda38a11ef754d2adfff5373c51b1ffda00b9fedc5facbd605f", size = 880497, upload_time = "2025-05-14T19:10:08.626Z" },
    { url = "https://files.pythonhosted.org/packages/6a/43/6595a52fe144bb0dae4d592e49c6c909f98033c4fa2eaa544b13e22ac6e8/pymongo-4.13.0-cp312-cp312-win_amd64.whl", hash = "sha256:c03e02129ad202d8e146480b398c4a3ea18266ee0754b6a4805de6baf4a6a8c7", size = 898742, upload_time = "2025-05-14T19:10:10.214Z" },
    { url = "https://files.pythonhosted.org/packages/5a/dc/9afa6091bce4adad7cad736dcdc35c139a9b551fc61032ef20c7ba17eae5/pymongo-4.13.0-cp313-cp313-macosx_10_13_x86_64.whl", hash = "sha256:92f5e75ae265e798be1a8a40a29e2ab934e156f3827ca0e1c47e69d43f4dcb31", size = 965996, upload_time = "2025-05-14T19:10:12.319Z" },
    { url = "https://files.pythonhosted.org/packages/36/69/e4242abffc0ee1501bb426d8a540e712e4f917491735f18622838b17f5a1/pymongo-4.13.0-cp313-cp313-macosx_11_0_arm64.whl", hash = "sha256:3d631d879e934b46222f5092d8951cbb9fe83542649697c8d342ea7b5479f118", size = 965702, upload_time = "2025-05-14T19:10:14.051Z" },
    { url = "https://files.pythonhosted.org/packages/fc/3e/0732876b48b1285bada803f4b0d7da5b720cf8f778d2117bbed9e04473a3/pymongo-4.13.0-cp313-cp313-manylinux_2_17_aarch64.manylinux2014_aarch64.whl", hash = "sha256:be048fb78e165243272a8cdbeb40d53eace82424b95417ab3ab6ec8e9b00c59b", size = 1953825, upload_time = "2025-05-14T19:10:16.214Z" },
    { url = "https://files.pythonhosted.org/packages/dc/3b/6713fed92cab64508a1fb8359397c0720202e5f36d7faf4ed71b05875180/pymongo-4.13.0-cp313-cp313-manylinux_2_17_ppc64le.manylinux2014_ppc64le.whl", hash = "sha256:d81d159bd23d8ac53a6e819cccee991cb9350ab2541dfaa25aeb2f712d23b0a5", size = 2031179, upload_time = "2025-05-14T19:10:18.307Z" },
    { url = "https://files.pythonhosted.org/packages/89/2b/1aad904563c312a0dc2ff752acf0f11194f836304d6e15d05dff3a33df08/pymongo-4.13.0-cp313-cp313-manylinux_2_17_s390x.manylinux2014_s390x.whl", hash = "sha256:8af08ba2886f08d334bc7e5d5c662c60ea2f16e813a2c35106f399463fa11087", size = 1995093, upload_time = "2025-05-14T19:10:20.089Z" },
    { url = "https://files.pythonhosted.org/packages/4c/cc/33786f4ce9a46c776f0d32601b353f8c42b552ea9ff8060c290c912b661e/pymongo-4.13.0-cp313-cp313-manylinux_2_17_x86_64.manylinux2014_x86_64.whl", hash = "sha256:6b91f59137e46cd3ff17d5684a18e8006d65d0ee62eb1068b512262d1c2c5ae8", size = 1955820, upload_time = "2025-05-14T19:10:21.788Z" },
    { url = "https://files.pythonhosted.org/packages/2d/dd/9a2a87bd4aab12a2281ac20d179912eed824cc6f67df49edd87fa4879b3e/pymongo-4.13.0-cp313-cp313-manylinux_2_5_i686.manylinux1_i686.manylinux_2_17_i686.manylinux2014_i686.whl", hash = "sha256:61733c8f1ded90ab671a08033ee99b837073c73e505b3b3b633a55a0326e77f4", size = 1905394, upload_time = "2025-05-14T19:10:23.684Z" },
    { url = "https://files.pythonhosted.org/packages/04/be/0a70db5e4c4e1c162207e31eaa3debf98476e0265b154f6d2252f85969b0/pymongo-4.13.0-cp313-cp313-win32.whl", hash = "sha256:d10d3967e87c21869f084af5716d02626a17f6f9ccc9379fcbece5821c2a9fb4", size = 926840, upload_time = "2025-05-14T19:10:25.505Z" },
    { url = "https://files.pythonhosted.org/packages/dd/a6/fb104175a7f15dd69691c8c32bd4b99c4338ec89fe094b6895c940cf2afb/pymongo-4.13.0-cp313-cp313-win_amd64.whl", hash = "sha256:a9fe172e93551ddfdb94b9ad34dccebc4b7b680dc1d131bc6bd661c4a5b2945c", size = 949383, upload_time = "2025-05-14T19:10:27.234Z" },
    { url = "https://files.pythonhosted.org/packages/62/3f/c89a6121b0143fde431f04c267a0d49159b499f518630a43aa6288709749/pymongo-4.13.0-cp313-cp313t-macosx_10_13_x86_64.whl", hash = "sha256:5adc1349fd5c94d5dfbcbd1ad9858d1df61945a07f5905dcf17bb62eb4c81f93", size = 1022500, upload_time = "2025-05-14T19:10:29.002Z" },
    { url = "https://files.pythonhosted.org/packages/4b/89/8fc36b83768b44805dd3a1caf755f019b110d2111671950b39c8c7781cd9/pymongo-4.13.0-cp313-cp313t-macosx_11_0_arm64.whl", hash = "sha256:8e11ea726ff8ddc8c8393895cd7e93a57e2558c27273d3712797895c53d25692", size = 1022503, upload_time = "2025-05-14T19:10:30.757Z" },
    { url = "https://files.pythonhosted.org/packages/67/dc/f216cf6218f8ceb4025fd10e3de486553bd5373c3b71a45fef3483b745bb/pymongo-4.13.0-cp313-cp313t-manylinux_2_17_aarch64.manylinux2014_aarch64.whl", hash = "sha256:c02160ab3a67eca393a2a2bb83dccddf4db2196d0d7c6a980a55157e4bdadc06", size = 2282184, upload_time = "2025-05-14T19:10:32.699Z" },
    { url = "https://files.pythonhosted.org/packages/56/32/08a9045dbcd76a25d36a0bd42c635b56d9aed47126bcca0e630a63e08444/pymongo-4.13.0-cp313-cp313t-manylinux_2_17_ppc64le.manylinux2014_ppc64le.whl", hash = "sha256:fca24e4df05501420b2ce2207c03f21fcbdfac1e3f41e312e61b8f416c5b4963", size = 2369224, upload_time = "2025-05-14T19:10:34.942Z" },
    { url = "https://files.pythonhosted.org/packages/16/63/7991853fa6cf5e52222f8f480081840fb452d78c1dcd6803cabe2d3557a6/pymongo-4.13.0-cp313-cp313t-manylinux_2_17_s390x.manylinux2014_s390x.whl", hash = "sha256:50c503b7e809e54740704ec4c87a0f2ccdb910c3b1d36c07dbd2029b6eaa6a50", size = 2328611, upload_time = "2025-05-14T19:10:36.791Z" },
    { url = "https://files.pythonhosted.org/packages/e9/0f/11beecc8d48c7549db3f13f2101fd1c06ccb668697d33a6a5a05bb955574/pymongo-4.13.0-cp313-cp313t-manylinux_2_17_x86_64.manylinux2014_x86_64.whl", hash = "sha256:66800de4f4487e7c437991b44bc1e717aadaf06e67451a760efe5cd81ce86575", size = 2279806, upload_time = "2025-05-14T19:10:38.652Z" },
    { url = "https://files.pythonhosted.org/packages/17/a7/0358efc8dba796545e9bd4642d1337a9b67b60928c583799fb0726594855/pymongo-4.13.0-cp313-cp313t-manylinux_2_5_i686.manylinux1_i686.manylinux_2_17_i686.manylinux2014_i686.whl", hash = "sha256:82c36928c1c26580ce4f2497a6875968636e87c77108ff253d76b1355181a405", size = 2219131, upload_time = "2025-05-14T19:10:40.444Z" },
    { url = "https://files.pythonhosted.org/packages/58/d5/373cd1cd21eff769e22e4e0924dcbfd770dfa1298566d51a7097857267fc/pymongo-4.13.0-cp313-cp313t-win32.whl", hash = "sha256:1397eac713b84946210ab556666cfdd787eee824e910fbbe661d147e110ec516", size = 975711, upload_time = "2025-05-14T19:10:42.213Z" },
    { url = "https://files.pythonhosted.org/packages/b0/39/1e204091bdf264a0d9eccc21f7da099903a7a30045f055a91178686c0259/pymongo-4.13.0-cp313-cp313t-win_amd64.whl", hash = "sha256:99a52cfbf31579cc63c926048cd0ada6f96c98c1c4c211356193e07418e6207c", size = 1004287, upload_time = "2025-05-14T19:10:45.468Z" },
]

[[package]]
name = "python-dateutil"
version = "2.9.0.post0"
source = { registry = "https://pypi.org/simple" }
dependencies = [
    { name = "six" },
]
sdist = { url = "https://files.pythonhosted.org/packages/66/c0/0c8b6ad9f17a802ee498c46e004a0eb49bc148f2fd230864601a86dcf6db/python-dateutil-2.9.0.post0.tar.gz", hash = "sha256:37dd54208da7e1cd875388217d5e00ebd4179249f90fb72437e91a35459a0ad3", size = 342432, upload_time = "2024-03-01T18:36:20.211Z" }
wheels = [
    { url = "https://files.pythonhosted.org/packages/ec/57/56b9bcc3c9c6a792fcbaf139543cee77261f3651ca9da0c93f5c1221264b/python_dateutil-2.9.0.post0-py2.py3-none-any.whl", hash = "sha256:a8b2bc7bffae282281c8140a97d3aa9c14da0b136dfe83f850eea9a5f7470427", size = 229892, upload_time = "2024-03-01T18:36:18.57Z" },
]

[[package]]
name = "six"
version = "1.17.0"
source = { registry = "https://pypi.org/simple" }
sdist = { url = "https://files.pythonhosted.org/packages/94/e7/b2c673351809dca68a0e064b6af791aa332cf192da575fd474ed7d6f16a2/six-1.17.0.tar.gz", hash = "sha256:ff70335d468e7eb6ec65b95b99d3a2836546063f63acc5171de367e834932a81", size = 34031, upload_time = "2024-12-04T17:35:28.174Z" }
wheels = [
    { url = "https://files.pythonhosted.org/packages/b7/ce/149a00dd41f10bc29e5921b496af8b574d8413afcd5e30dfa0ed46c2cc5e/six-1.17.0-py2.py3-none-any.whl", hash = "sha256:4721f391ed90541fddacab5acf947aa0d3dc7d27b2e1e8eda2be8970586c3274", size = 11050, upload_time = "2024-12-04T17:35:26.475Z" },
]

[[package]]
name = "tzdata"
version = "2025.2"
source = { registry = "https://pypi.org/simple" }
sdist = { url = "https://files.pythonhosted.org/packages/95/32/1a225d6164441be760d75c2c42e2780dc0873fe382da3e98a2e1e48361e5/tzdata-2025.2.tar.gz", hash = "sha256:b60a638fcc0daffadf82fe0f57e53d06bdec2f36c4df66280ae79bce6bd6f2b9", size = 196380, upload_time = "2025-03-23T13:54:43.652Z" }
wheels = [
    { url = "https://files.pythonhosted.org/packages/5c/23/c7abc0ca0a1526a0774eca151daeb8de62ec457e77262b66b359c3c7679e/tzdata-2025.2-py2.py3-none-any.whl", hash = "sha256:1a403fada01ff9221ca8044d701868fa132215d84beb92242d9acd2147f667a8", size = 347839, upload_time = "2025-03-23T13:54:41.845Z" },
]
